// !$*UTF8*$!
{
	archiveVersion = 1;
	classes = {
	};
	objectVersion = 46;
	objects = {

/* Begin PBXBuildFile section */
		1AA6FF4F1B7F228E00D4D2CF /* ContactsTableViewController.swift in Sources */ = {isa = PBXBuildFile; fileRef = 1AA6FF4E1B7F228E00D4D2CF /* ContactsTableViewController.swift */; };
		1AA6FF531B7F2CE900D4D2CF /* Contacts.swift in Sources */ = {isa = PBXBuildFile; fileRef = 1AA6FF521B7F2CE900D4D2CF /* Contacts.swift */; };
		1AA6FF571B7FB5A300D4D2CF /* VerificationViewController.swift in Sources */ = {isa = PBXBuildFile; fileRef = 1AA6FF561B7FB5A300D4D2CF /* VerificationViewController.swift */; };
		1AA6FF591B7FB81F00D4D2CF /* LoginViewController.swift in Sources */ = {isa = PBXBuildFile; fileRef = 1AA6FF581B7FB81F00D4D2CF /* LoginViewController.swift */; };
		1ADFEE0D1B667CEC00D5E526 /* AppDelegate.swift in Sources */ = {isa = PBXBuildFile; fileRef = 1ADFEE0C1B667CEC00D5E526 /* AppDelegate.swift */; };
		1ADFEE0F1B667CEC00D5E526 /* ViewController.swift in Sources */ = {isa = PBXBuildFile; fileRef = 1ADFEE0E1B667CEC00D5E526 /* ViewController.swift */; };
		1ADFEE121B667CEC00D5E526 /* Main.storyboard in Resources */ = {isa = PBXBuildFile; fileRef = 1ADFEE101B667CEC00D5E526 /* Main.storyboard */; };
		1ADFEE141B667CEC00D5E526 /* Images.xcassets in Resources */ = {isa = PBXBuildFile; fileRef = 1ADFEE131B667CEC00D5E526 /* Images.xcassets */; };
		1ADFEE171B667CEC00D5E526 /* LaunchScreen.xib in Resources */ = {isa = PBXBuildFile; fileRef = 1ADFEE151B667CEC00D5E526 /* LaunchScreen.xib */; };
		1ADFEE231B667CEC00D5E526 /* MewTests.swift in Sources */ = {isa = PBXBuildFile; fileRef = 1ADFEE221B667CEC00D5E526 /* MewTests.swift */; };
		1AEFC3DC1B67BBC10073F6B1 /* QuartzCore.framework in Frameworks */ = {isa = PBXBuildFile; fileRef = 1AEFC3DB1B67BBC10073F6B1 /* QuartzCore.framework */; };
		1AEFC40E1B6A74410073F6B1 /* Profile.swift in Sources */ = {isa = PBXBuildFile; fileRef = 1AEFC40D1B6A74410073F6B1 /* Profile.swift */; };
		2920EB001B853A1C00B9C828 /* PhotoSeelctor.swift in Sources */ = {isa = PBXBuildFile; fileRef = 2920EAFF1B853A1C00B9C828 /* PhotoSeelctor.swift */; };
		2920EB021B853BD300B9C828 /* ContactsSampleViewController.swift in Sources */ = {isa = PBXBuildFile; fileRef = 2920EB011B853BD300B9C828 /* ContactsSampleViewController.swift */; };
/* End PBXBuildFile section */

/* Begin PBXContainerItemProxy section */
		1ADFEE1D1B667CEC00D5E526 /* PBXContainerItemProxy */ = {
			isa = PBXContainerItemProxy;
			containerPortal = 1ADFEDFF1B667CEA00D5E526 /* Project object */;
			proxyType = 1;
			remoteGlobalIDString = 1ADFEE061B667CEB00D5E526;
			remoteInfo = Mew;
		};
/* End PBXContainerItemProxy section */

/* Begin PBXFileReference section */
		1AA6FF4E1B7F228E00D4D2CF /* ContactsTableViewController.swift */ = {isa = PBXFileReference; fileEncoding = 4; lastKnownFileType = sourcecode.swift; path = ContactsTableViewController.swift; sourceTree = "<group>"; };
		1AA6FF521B7F2CE900D4D2CF /* Contacts.swift */ = {isa = PBXFileReference; fileEncoding = 4; lastKnownFileType = sourcecode.swift; path = Contacts.swift; sourceTree = "<group>"; };
		1AA6FF561B7FB5A300D4D2CF /* VerificationViewController.swift */ = {isa = PBXFileReference; fileEncoding = 4; lastKnownFileType = sourcecode.swift; path = VerificationViewController.swift; sourceTree = "<group>"; };
		1AA6FF581B7FB81F00D4D2CF /* LoginViewController.swift */ = {isa = PBXFileReference; fileEncoding = 4; lastKnownFileType = sourcecode.swift; path = LoginViewController.swift; sourceTree = "<group>"; };
		1ADFEE071B667CEC00D5E526 /* Mew.app */ = {isa = PBXFileReference; explicitFileType = wrapper.application; includeInIndex = 0; path = Mew.app; sourceTree = BUILT_PRODUCTS_DIR; };
		1ADFEE0B1B667CEC00D5E526 /* Info.plist */ = {isa = PBXFileReference; lastKnownFileType = text.plist.xml; path = Info.plist; sourceTree = "<group>"; };
		1ADFEE0C1B667CEC00D5E526 /* AppDelegate.swift */ = {isa = PBXFileReference; lastKnownFileType = sourcecode.swift; path = AppDelegate.swift; sourceTree = "<group>"; };
		1ADFEE0E1B667CEC00D5E526 /* ViewController.swift */ = {isa = PBXFileReference; lastKnownFileType = sourcecode.swift; path = ViewController.swift; sourceTree = "<group>"; };
		1ADFEE111B667CEC00D5E526 /* Base */ = {isa = PBXFileReference; lastKnownFileType = file.storyboard; name = Base; path = Base.lproj/Main.storyboard; sourceTree = "<group>"; };
		1ADFEE131B667CEC00D5E526 /* Images.xcassets */ = {isa = PBXFileReference; lastKnownFileType = folder.assetcatalog; path = Images.xcassets; sourceTree = "<group>"; };
		1ADFEE161B667CEC00D5E526 /* Base */ = {isa = PBXFileReference; lastKnownFileType = file.xib; name = Base; path = Base.lproj/LaunchScreen.xib; sourceTree = "<group>"; };
		1ADFEE1C1B667CEC00D5E526 /* MewTests.xctest */ = {isa = PBXFileReference; explicitFileType = wrapper.cfbundle; includeInIndex = 0; path = MewTests.xctest; sourceTree = BUILT_PRODUCTS_DIR; };
		1ADFEE211B667CEC00D5E526 /* Info.plist */ = {isa = PBXFileReference; lastKnownFileType = text.plist.xml; path = Info.plist; sourceTree = "<group>"; };
		1ADFEE221B667CEC00D5E526 /* MewTests.swift */ = {isa = PBXFileReference; lastKnownFileType = sourcecode.swift; path = MewTests.swift; sourceTree = "<group>"; };
		1AEFC3DB1B67BBC10073F6B1 /* QuartzCore.framework */ = {isa = PBXFileReference; lastKnownFileType = wrapper.framework; name = QuartzCore.framework; path = System/Library/Frameworks/QuartzCore.framework; sourceTree = SDKROOT; };
		1AEFC40D1B6A74410073F6B1 /* Profile.swift */ = {isa = PBXFileReference; fileEncoding = 4; lastKnownFileType = sourcecode.swift; path = Profile.swift; sourceTree = "<group>"; };
		2920EAFF1B853A1C00B9C828 /* PhotoSeelctor.swift */ = {isa = PBXFileReference; fileEncoding = 4; lastKnownFileType = sourcecode.swift; path = PhotoSeelctor.swift; sourceTree = "<group>"; };
		2920EB011B853BD300B9C828 /* ContactsSampleViewController.swift */ = {isa = PBXFileReference; fileEncoding = 4; lastKnownFileType = sourcecode.swift; path = ContactsSampleViewController.swift; sourceTree = "<group>"; };
/* End PBXFileReference section */

/* Begin PBXFrameworksBuildPhase section */
		1ADFEE041B667CEB00D5E526 /* Frameworks */ = {
			isa = PBXFrameworksBuildPhase;
			buildActionMask = 2147483647;
			files = (
				1AEFC3DC1B67BBC10073F6B1 /* QuartzCore.framework in Frameworks */,
			);
			runOnlyForDeploymentPostprocessing = 0;
		};
		1ADFEE191B667CEC00D5E526 /* Frameworks */ = {
			isa = PBXFrameworksBuildPhase;
			buildActionMask = 2147483647;
			files = (
			);
			runOnlyForDeploymentPostprocessing = 0;
		};
/* End PBXFrameworksBuildPhase section */

/* Begin PBXGroup section */
		1ADFEDFE1B667CEA00D5E526 = {
			isa = PBXGroup;
			children = (
				1AEFC3DB1B67BBC10073F6B1 /* QuartzCore.framework */,
				1ADFEE091B667CEC00D5E526 /* Mew */,
				1ADFEE1F1B667CEC00D5E526 /* MewTests */,
				1ADFEE081B667CEC00D5E526 /* Products */,
			);
			sourceTree = "<group>";
		};
		1ADFEE081B667CEC00D5E526 /* Products */ = {
			isa = PBXGroup;
			children = (
				1ADFEE071B667CEC00D5E526 /* Mew.app */,
				1ADFEE1C1B667CEC00D5E526 /* MewTests.xctest */,
			);
			name = Products;
			sourceTree = "<group>";
		};
		1ADFEE091B667CEC00D5E526 /* Mew */ = {
			isa = PBXGroup;
			children = (
				2920EAFF1B853A1C00B9C828 /* PhotoSeelctor.swift */,
				2920EB011B853BD300B9C828 /* ContactsSampleViewController.swift */,
				1ADFEE0C1B667CEC00D5E526 /* AppDelegate.swift */,
				1ADFEE0E1B667CEC00D5E526 /* ViewController.swift */,
				1AEFC40D1B6A74410073F6B1 /* Profile.swift */,
				1AA6FF4E1B7F228E00D4D2CF /* ContactsTableViewController.swift */,
				1ADFEE101B667CEC00D5E526 /* Main.storyboard */,
				1ADFEE131B667CEC00D5E526 /* Images.xcassets */,
				1ADFEE151B667CEC00D5E526 /* LaunchScreen.xib */,
				1ADFEE0A1B667CEC00D5E526 /* Supporting Files */,
				1AA6FF521B7F2CE900D4D2CF /* Contacts.swift */,
				1AA6FF561B7FB5A300D4D2CF /* VerificationViewController.swift */,
				1AA6FF581B7FB81F00D4D2CF /* LoginViewController.swift */,
			);
			path = Mew;
			sourceTree = "<group>";
		};
		1ADFEE0A1B667CEC00D5E526 /* Supporting Files */ = {
			isa = PBXGroup;
			children = (
				1ADFEE0B1B667CEC00D5E526 /* Info.plist */,
			);
			name = "Supporting Files";
			sourceTree = "<group>";
		};
		1ADFEE1F1B667CEC00D5E526 /* MewTests */ = {
			isa = PBXGroup;
			children = (
				1ADFEE221B667CEC00D5E526 /* MewTests.swift */,
				1ADFEE201B667CEC00D5E526 /* Supporting Files */,
			);
			path = MewTests;
			sourceTree = "<group>";
		};
		1ADFEE201B667CEC00D5E526 /* Supporting Files */ = {
			isa = PBXGroup;
			children = (
				1ADFEE211B667CEC00D5E526 /* Info.plist */,
			);
			name = "Supporting Files";
			sourceTree = "<group>";
		};
/* End PBXGroup section */

/* Begin PBXNativeTarget section */
		1ADFEE061B667CEB00D5E526 /* Mew */ = {
			isa = PBXNativeTarget;
			buildConfigurationList = 1ADFEE261B667CEC00D5E526 /* Build configuration list for PBXNativeTarget "Mew" */;
			buildPhases = (
				1ADFEE031B667CEB00D5E526 /* Sources */,
				1ADFEE041B667CEB00D5E526 /* Frameworks */,
				1ADFEE051B667CEB00D5E526 /* Resources */,
			);
			buildRules = (
			);
			dependencies = (
			);
			name = Mew;
			productName = Mew;
			productReference = 1ADFEE071B667CEC00D5E526 /* Mew.app */;
			productType = "com.apple.product-type.application";
		};
		1ADFEE1B1B667CEC00D5E526 /* MewTests */ = {
			isa = PBXNativeTarget;
			buildConfigurationList = 1ADFEE291B667CEC00D5E526 /* Build configuration list for PBXNativeTarget "MewTests" */;
			buildPhases = (
				1ADFEE181B667CEC00D5E526 /* Sources */,
				1ADFEE191B667CEC00D5E526 /* Frameworks */,
				1ADFEE1A1B667CEC00D5E526 /* Resources */,
			);
			buildRules = (
			);
			dependencies = (
				1ADFEE1E1B667CEC00D5E526 /* PBXTargetDependency */,
			);
			name = MewTests;
			productName = MewTests;
			productReference = 1ADFEE1C1B667CEC00D5E526 /* MewTests.xctest */;
			productType = "com.apple.product-type.bundle.unit-test";
		};
/* End PBXNativeTarget section */

/* Begin PBXProject section */
		1ADFEDFF1B667CEA00D5E526 /* Project object */ = {
			isa = PBXProject;
			attributes = {
				LastUpgradeCheck = 0630;
				ORGANIZATIONNAME = "Anish Kaliraj";
				TargetAttributes = {
					1ADFEE061B667CEB00D5E526 = {
						CreatedOnToolsVersion = 6.3.2;
						DevelopmentTeam = TF9JHMWEUV;
					};
					1ADFEE1B1B667CEC00D5E526 = {
						CreatedOnToolsVersion = 6.3.2;
						TestTargetID = 1ADFEE061B667CEB00D5E526;
					};
				};
			};
			buildConfigurationList = 1ADFEE021B667CEA00D5E526 /* Build configuration list for PBXProject "Mew" */;
			compatibilityVersion = "Xcode 3.2";
			developmentRegion = English;
			hasScannedForEncodings = 0;
			knownRegions = (
				en,
				Base,
			);
			mainGroup = 1ADFEDFE1B667CEA00D5E526;
			productRefGroup = 1ADFEE081B667CEC00D5E526 /* Products */;
			projectDirPath = "";
			projectRoot = "";
			targets = (
				1ADFEE061B667CEB00D5E526 /* Mew */,
				1ADFEE1B1B667CEC00D5E526 /* MewTests */,
			);
		};
/* End PBXProject section */

/* Begin PBXResourcesBuildPhase section */
		1ADFEE051B667CEB00D5E526 /* Resources */ = {
			isa = PBXResourcesBuildPhase;
			buildActionMask = 2147483647;
			files = (
				1ADFEE121B667CEC00D5E526 /* Main.storyboard in Resources */,
				1ADFEE171B667CEC00D5E526 /* LaunchScreen.xib in Resources */,
				1ADFEE141B667CEC00D5E526 /* Images.xcassets in Resources */,
			);
			runOnlyForDeploymentPostprocessing = 0;
		};
		1ADFEE1A1B667CEC00D5E526 /* Resources */ = {
			isa = PBXResourcesBuildPhase;
			buildActionMask = 2147483647;
			files = (
			);
			runOnlyForDeploymentPostprocessing = 0;
		};
/* End PBXResourcesBuildPhase section */

/* Begin PBXSourcesBuildPhase section */
		1ADFEE031B667CEB00D5E526 /* Sources */ = {
			isa = PBXSourcesBuildPhase;
			buildActionMask = 2147483647;
			files = (
				1AA6FF571B7FB5A300D4D2CF /* VerificationViewController.swift in Sources */,
				1ADFEE0F1B667CEC00D5E526 /* ViewController.swift in Sources */,
				1AA6FF4F1B7F228E00D4D2CF /* ContactsTableViewController.swift in Sources */,
				2920EB001B853A1C00B9C828 /* PhotoSeelctor.swift in Sources */,
				1AA6FF591B7FB81F00D4D2CF /* LoginViewController.swift in Sources */,
				1AEFC40E1B6A74410073F6B1 /* Profile.swift in Sources */,
				1ADFEE0D1B667CEC00D5E526 /* AppDelegate.swift in Sources */,
				1AA6FF531B7F2CE900D4D2CF /* Contacts.swift in Sources */,
				2920EB021B853BD300B9C828 /* ContactsSampleViewController.swift in Sources */,
			);
			runOnlyForDeploymentPostprocessing = 0;
		};
		1ADFEE181B667CEC00D5E526 /* Sources */ = {
			isa = PBXSourcesBuildPhase;
			buildActionMask = 2147483647;
			files = (
				1ADFEE231B667CEC00D5E526 /* MewTests.swift in Sources */,
			);
			runOnlyForDeploymentPostprocessing = 0;
		};
/* End PBXSourcesBuildPhase section */

/* Begin PBXTargetDependency section */
		1ADFEE1E1B667CEC00D5E526 /* PBXTargetDependency */ = {
			isa = PBXTargetDependency;
			target = 1ADFEE061B667CEB00D5E526 /* Mew */;
			targetProxy = 1ADFEE1D1B667CEC00D5E526 /* PBXContainerItemProxy */;
		};
/* End PBXTargetDependency section */

/* Begin PBXVariantGroup section */
		1ADFEE101B667CEC00D5E526 /* Main.storyboard */ = {
			isa = PBXVariantGroup;
			children = (
				1ADFEE111B667CEC00D5E526 /* Base */,
			);
			name = Main.storyboard;
			sourceTree = "<group>";
		};
		1ADFEE151B667CEC00D5E526 /* LaunchScreen.xib */ = {
			isa = PBXVariantGroup;
			children = (
				1ADFEE161B667CEC00D5E526 /* Base */,
			);
			name = LaunchScreen.xib;
			sourceTree = "<group>";
		};
/* End PBXVariantGroup section */

/* Begin XCBuildConfiguration section */
		1ADFEE241B667CEC00D5E526 /* Debug */ = {
			isa = XCBuildConfiguration;
			buildSettings = {
				ALWAYS_SEARCH_USER_PATHS = NO;
				CLANG_CXX_LANGUAGE_STANDARD = "gnu++0x";
				CLANG_CXX_LIBRARY = "libc++";
				CLANG_ENABLE_MODULES = YES;
				CLANG_ENABLE_OBJC_ARC = YES;
				CLANG_WARN_BOOL_CONVERSION = YES;
				CLANG_WARN_CONSTANT_CONVERSION = YES;
				CLANG_WARN_DIRECT_OBJC_ISA_USAGE = YES_ERROR;
				CLANG_WARN_EMPTY_BODY = YES;
				CLANG_WARN_ENUM_CONVERSION = YES;
				CLANG_WARN_INT_CONVERSION = YES;
				CLANG_WARN_OBJC_ROOT_CLASS = YES_ERROR;
				CLANG_WARN_UNREACHABLE_CODE = YES;
				CLANG_WARN__DUPLICATE_METHOD_MATCH = YES;
				"CODE_SIGN_IDENTITY[sdk=iphoneos*]" = "iPhone Developer";
				COPY_PHASE_STRIP = NO;
				DEBUG_INFORMATION_FORMAT = "dwarf-with-dsym";
				ENABLE_STRICT_OBJC_MSGSEND = YES;
				GCC_C_LANGUAGE_STANDARD = gnu99;
				GCC_DYNAMIC_NO_PIC = NO;
				GCC_NO_COMMON_BLOCKS = YES;
				GCC_OPTIMIZATION_LEVEL = 0;
				GCC_PREPROCESSOR_DEFINITIONS = (
					"DEBUG=1",
					"$(inherited)",
				);
				GCC_SYMBOLS_PRIVATE_EXTERN = NO;
				GCC_WARN_64_TO_32_BIT_CONVERSION = YES;
				GCC_WARN_ABOUT_RETURN_TYPE = YES_ERROR;
				GCC_WARN_UNDECLARED_SELECTOR = YES;
				GCC_WARN_UNINITIALIZED_AUTOS = YES_AGGRESSIVE;
				GCC_WARN_UNUSED_FUNCTION = YES;
				GCC_WARN_UNUSED_VARIABLE = YES;
				IPHONEOS_DEPLOYMENT_TARGET = 8.3;
				MTL_ENABLE_DEBUG_INFO = YES;
				ONLY_ACTIVE_ARCH = YES;
				SDKROOT = iphoneos;
				SWIFT_OPTIMIZATION_LEVEL = "-Onone";
			};
			name = Debug;
		};
		1ADFEE251B667CEC00D5E526 /* Release */ = {
			isa = XCBuildConfiguration;
			buildSettings = {
				ALWAYS_SEARCH_USER_PATHS = NO;
				CLANG_CXX_LANGUAGE_STANDARD = "gnu++0x";
				CLANG_CXX_LIBRARY = "libc++";
				CLANG_ENABLE_MODULES = YES;
				CLANG_ENABLE_OBJC_ARC = YES;
				CLANG_WARN_BOOL_CONVERSION = YES;
				CLANG_WARN_CONSTANT_CONVERSION = YES;
				CLANG_WARN_DIRECT_OBJC_ISA_USAGE = YES_ERROR;
				CLANG_WARN_EMPTY_BODY = YES;
				CLANG_WARN_ENUM_CONVERSION = YES;
				CLANG_WARN_INT_CONVERSION = YES;
				CLANG_WARN_OBJC_ROOT_CLASS = YES_ERROR;
				CLANG_WARN_UNREACHABLE_CODE = YES;
				CLANG_WARN__DUPLICATE_METHOD_MATCH = YES;
				"CODE_SIGN_IDENTITY[sdk=iphoneos*]" = "iPhone Developer";
				COPY_PHASE_STRIP = NO;
				DEBUG_INFORMATION_FORMAT = "dwarf-with-dsym";
				ENABLE_NS_ASSERTIONS = NO;
				ENABLE_STRICT_OBJC_MSGSEND = YES;
				GCC_C_LANGUAGE_STANDARD = gnu99;
				GCC_NO_COMMON_BLOCKS = YES;
				GCC_WARN_64_TO_32_BIT_CONVERSION = YES;
				GCC_WARN_ABOUT_RETURN_TYPE = YES_ERROR;
				GCC_WARN_UNDECLARED_SELECTOR = YES;
				GCC_WARN_UNINITIALIZED_AUTOS = YES_AGGRESSIVE;
				GCC_WARN_UNUSED_FUNCTION = YES;
				GCC_WARN_UNUSED_VARIABLE = YES;
				IPHONEOS_DEPLOYMENT_TARGET = 8.3;
				MTL_ENABLE_DEBUG_INFO = NO;
				SDKROOT = iphoneos;
				VALIDATE_PRODUCT = YES;
			};
			name = Release;
		};
		1ADFEE271B667CEC00D5E526 /* Debug */ = {
			isa = XCBuildConfiguration;
			buildSettings = {
				ASSETCATALOG_COMPILER_APPICON_NAME = AppIcon;
				CODE_SIGN_IDENTITY = "iPhone Developer";
				"CODE_SIGN_IDENTITY[sdk=iphoneos*]" = "iPhone Developer";
				INFOPLIST_FILE = Mew/Info.plist;
				IPHONEOS_DEPLOYMENT_TARGET = 8.0;
				LD_RUNPATH_SEARCH_PATHS = "$(inherited) @executable_path/Frameworks";
				PRODUCT_NAME = "$(TARGET_NAME)";
				PROVISIONING_PROFILE = "";
			};
			name = Debug;
		};
		1ADFEE281B667CEC00D5E526 /* Release */ = {
			isa = XCBuildConfiguration;
			buildSettings = {
				ASSETCATALOG_COMPILER_APPICON_NAME = AppIcon;
				CODE_SIGN_IDENTITY = "iPhone Developer";
				"CODE_SIGN_IDENTITY[sdk=iphoneos*]" = "iPhone Developer";
				INFOPLIST_FILE = Mew/Info.plist;
				IPHONEOS_DEPLOYMENT_TARGET = 8.0;
				LD_RUNPATH_SEARCH_PATHS = "$(inherited) @executable_path/Frameworks";
				PRODUCT_NAME = "$(TARGET_NAME)";
				PROVISIONING_PROFILE = "";
			};
			name = Release;
		};
		1ADFEE2A1B667CEC00D5E526 /* Debug */ = {
			isa = XCBuildConfiguration;
			buildSettings = {
				BUNDLE_LOADER = "$(TEST_HOST)";
				FRAMEWORK_SEARCH_PATHS = (
					"$(SDKROOT)/Developer/Library/Frameworks",
					"$(inherited)",
				);
				GCC_PREPROCESSOR_DEFINITIONS = (
					"DEBUG=1",
					"$(inherited)",
				);
				INFOPLIST_FILE = MewTests/Info.plist;
				LD_RUNPATH_SEARCH_PATHS = "$(inherited) @executable_path/Frameworks @loader_path/Frameworks";
				PRODUCT_NAME = "$(TARGET_NAME)";
				TEST_HOST = "$(BUILT_PRODUCTS_DIR)/Mew.app/Mew";
			};
			name = Debug;
		};
		1ADFEE2B1B667CEC00D5E526 /* Release */ = {
			isa = XCBuildConfiguration;
			buildSettings = {
				BUNDLE_LOADER = "$(TEST_HOST)";
				FRAMEWORK_SEARCH_PATHS = (
					"$(SDKROOT)/Developer/Library/Frameworks",
					"$(inherited)",
				);
				INFOPLIST_FILE = MewTests/Info.plist;
				LD_RUNPATH_SEARCH_PATHS = "$(inherited) @executable_path/Frameworks @loader_path/Frameworks";
				PRODUCT_NAME = "$(TARGET_NAME)";
				TEST_HOST = "$(BUILT_PRODUCTS_DIR)/Mew.app/Mew";
			};
			name = Release;
		};
/* End XCBuildConfiguration section */

/* Begin XCConfigurationList section */
		1ADFEE021B667CEA00D5E526 /* Build configuration list for PBXProject "Mew" */ = {
			isa = XCConfigurationList;
			buildConfigurations = (
				1ADFEE241B667CEC00D5E526 /* Debug */,
				1ADFEE251B667CEC00D5E526 /* Release */,
			);
			defaultConfigurationIsVisible = 0;
			defaultConfigurationName = Release;
		};
		1ADFEE261B667CEC00D5E526 /* Build configuration list for PBXNativeTarget "Mew" */ = {
			isa = XCConfigurationList;
			buildConfigurations = (
				1ADFEE271B667CEC00D5E526 /* Debug */,
				1ADFEE281B667CEC00D5E526 /* Release */,
			);
			defaultConfigurationIsVisible = 0;
			defaultConfigurationName = Release;
		};
		1ADFEE291B667CEC00D5E526 /* Build configuration list for PBXNativeTarget "MewTests" */ = {
			isa = XCConfigurationList;
			buildConfigurations = (
				1ADFEE2A1B667CEC00D5E526 /* Debug */,
				1ADFEE2B1B667CEC00D5E526 /* Release */,
			);
			defaultConfigurationIsVisible = 0;
			defaultConfigurationName = Release;
		};
/* End XCConfigurationList section */
	};
	rootObject = 1ADFEDFF1B667CEA00D5E526 /* Project object */;
}
